
Microsoft Visual Studio Solution File, Format Version 12.00
# Visual Studio 2013
VisualStudioVersion = 12.0.21005.1
MinimumVisualStudioVersion = 10.0.40219.1
Project("{F2A71F9B-5D33-465A-A702-920D77279786}") = "FstringCalculatory", "FstringCalculatory\FstringCalculatory.fsproj", "{5EABFC6A-7862-48E2-BC94-4DCC978F882F}"
EndProject
Project("{2150E333-8FDC-42A3-9474-1A3956D46DE8}") = ".nuget", ".nuget", "{18AE4FE3-2FA3-4248-8426-952E561FC491}"
	ProjectSection(SolutionItems) = preProject
		.nuget\packages.config = .nuget\packages.config
	EndProjectSection
EndProject
Global
	GlobalSection(SolutionConfigurationPlatforms) = preSolution
		Debug|Any CPU = Debug|Any CPU
		Release|Any CPU = Release|Any CPU
	EndGlobalSection
	GlobalSection(ProjectConfigurationPlatforms) = postSolution
		{5EABFC6A-7862-48E2-BC94-4DCC978F882F}.Debug|Any CPU.ActiveCfg = Debug|Any CPU
		{5EABFC6A-7862-48E2-BC94-4DCC978F882F}.Debug|Any CPU.Build.0 = Debug|Any CPU
		{5EABFC6A-7862-48E2-BC94-4DCC978F882F}.Release|Any CPU.ActiveCfg = Release|Any CPU
		{5EABFC6A-7862-48E2-BC94-4DCC978F882F}.Release|Any CPU.Build.0 = Release|Any CPU
	EndGlobalSection
	GlobalSection(SolutionProperties) = preSolution
		HideSolutionNode = FALSE
	EndGlobalSection
EndGlobal
